{
  "nodes": {
    "flake-utils": {
      "inputs": {
        "systems": "systems"
      },
      "locked": {
        "lastModified": 1689068808,
        "narHash": "sha256-6ixXo3wt24N/melDWjq70UuHQLxGV8jZvooRanIHXw0=",
        "owner": "numtide",
        "repo": "flake-utils",
        "rev": "919d646de7be200f3bf08cb76ae1f09402b6f9b4",
        "type": "github"
      },
      "original": {
        "id": "flake-utils",
        "type": "indirect"
      }
    },
    "nixpkgs": {
      "locked": {
        "lastModified": 1692626208,
        "narHash": "sha256-WClmFJjDP46rNvFzEAUtwul6FklcNlXz2E92WHmVaNs=",
        "owner": "NixOS",
        "repo": "nixpkgs",
        "rev": "c7623219fccf46b36370140d777ba61c85c9bb8d",
        "type": "github"
      },
      "original": {
        "owner": "NixOS",
        "ref": "nixos-unstable-small",
        "repo": "nixpkgs",
        "type": "github"
      }
    },
    "nixpkgs_2": {
      "locked": {
        "lastModified": 1692626208,
        "narHash": "sha256-WClmFJjDP46rNvFzEAUtwul6FklcNlXz2E92WHmVaNs=",
        "owner": "NixOS",
        "repo": "nixpkgs",
        "rev": "c7623219fccf46b36370140d777ba61c85c9bb8d",
        "type": "github"
      },
      "original": {
        "owner": "NixOS",
        "ref": "nixos-unstable-small",
        "repo": "nixpkgs",
        "type": "github"
      }
    },
    "root": {
      "inputs": {
        "flake-utils": "flake-utils",
        "nixpkgs": "nixpkgs",
        "taserud-theme-albatross": "taserud-theme-albatross"
      }
    },
    "systems": {
      "locked": {
        "lastModified": 1681028828,
        "narHash": "sha256-Vy1rq5AaRuLzOxct8nz4T6wlgyUR7zLU309k9mBC768=",
        "owner": "nix-systems",
        "repo": "default",
        "rev": "da67096a3b9bf56a91d16901293e51ba5b49a27e",
        "type": "github"
      },
      "original": {
        "owner": "nix-systems",
        "repo": "default",
        "type": "github"
      }
    },
    "taserud-theme-albatross": {
      "inputs": {
        "flake-utils": [
          "flake-utils"
        ],
        "nixpkgs": "nixpkgs_2",
        "web-iso-flags": "web-iso-flags"
      },
      "locked": {
        "lastModified": 1692708560,
        "narHash": "sha256-8/1xRVJSWu0hIqpkdXMezXBI2Zli5tmsfSH6CP/01Gw=",
        "ref": "refs/heads/main",
        "rev": "b640ac2bf90d6c4b4e105056fb13f4bd24f3b229",
        "revCount": 70,
        "type": "git",
        "url": "ssh://gitea@git.elis.nu/WebLizard/theme-albatross"
      },
      "original": {
        "type": "git",
        "url": "ssh://gitea@git.elis.nu/WebLizard/theme-albatross"
      }
    },
    "web-iso-flags": {
      "inputs": {
        "flake-utils": [
          "taserud-theme-albatross",
          "flake-utils"
        ],
        "nixpkgs": [
          "taserud-theme-albatross",
          "nixpkgs"
        ]
      },
      "locked": {
        "lastModified": 1692708068,
        "narHash": "sha256-FLkCyKrK2wEq1TMYaXDTEGdWPHe6uDH+bcZcK1CQqyU=",
        "ref": "refs/heads/main",
        "rev": "d4a6c5d2dbbbe5a21f9d25fd3deddf239d9a5ad8",
        "revCount": 7,
        "type": "git",
        "url": "ssh://gitea@git.elis.nu/WebLizard/web-iso-flags"
      },
      "original": {
        "type": "git",
        "url": "ssh://gitea@git.elis.nu/WebLizard/web-iso-flags"
      }
    }
  },
  "root": "root",
  "version": 7
}
