{
  "nodes": {
    "flake-utils": {
      "inputs": {
        "systems": "systems"
      },
      "locked": {
        "lastModified": 1705309234,
        "narHash": "sha256-uNRRNRKmJyCRC/8y1RqBkqWBLM034y4qN7EprSdmgyA=",
        "owner": "numtide",
        "repo": "flake-utils",
        "rev": "1ef2e671c3b0c19053962c07dbda38332dcebf26",
        "type": "github"
      },
      "original": {
        "id": "flake-utils",
        "type": "indirect"
      }
    },
    "nixpkgs": {
      "locked": {
        "lastModified": 1705649265,
        "narHash": "sha256-px9fZZexVjqlQeo5vhICRa7rs4xxlNqOB+Cow/aD4lo=",
        "owner": "NixOS",
        "repo": "nixpkgs",
        "rev": "0799f514b1cd74878174939df79ac60ca5036673",
        "type": "github"
      },
      "original": {
        "owner": "NixOS",
        "ref": "nixos-unstable-small",
        "repo": "nixpkgs",
        "type": "github"
      }
    },
    "nixpkgs_2": {
      "locked": {
        "lastModified": 1705649265,
        "narHash": "sha256-px9fZZexVjqlQeo5vhICRa7rs4xxlNqOB+Cow/aD4lo=",
        "owner": "NixOS",
        "repo": "nixpkgs",
        "rev": "0799f514b1cd74878174939df79ac60ca5036673",
        "type": "github"
      },
      "original": {
        "owner": "NixOS",
        "ref": "nixos-unstable-small",
        "repo": "nixpkgs",
        "type": "github"
      }
    },
    "root": {
      "inputs": {
        "flake-utils": "flake-utils",
        "nixpkgs": "nixpkgs",
        "taserud-theme-albatross": "taserud-theme-albatross"
      }
    },
    "systems": {
      "locked": {
        "lastModified": 1681028828,
        "narHash": "sha256-Vy1rq5AaRuLzOxct8nz4T6wlgyUR7zLU309k9mBC768=",
        "owner": "nix-systems",
        "repo": "default",
        "rev": "da67096a3b9bf56a91d16901293e51ba5b49a27e",
        "type": "github"
      },
      "original": {
        "owner": "nix-systems",
        "repo": "default",
        "type": "github"
      }
    },
    "taserud-theme-albatross": {
      "inputs": {
        "flake-utils": [
          "flake-utils"
        ],
        "nixpkgs": "nixpkgs_2",
        "web-iso-flags": "web-iso-flags"
      },
      "locked": {
        "lastModified": 1707340101,
        "narHash": "sha256-+q7B6ATdL1AXekFXfL4xR/+m69Hl0kMhlup58MWHaIo=",
        "owner": "TaserudConsulting",
        "repo": "theme-albatross",
        "rev": "968d0a64b029a98ce00db3a2e8ca56ca387b0191",
        "type": "github"
      },
      "original": {
        "owner": "TaserudConsulting",
        "repo": "theme-albatross",
        "type": "github"
      }
    },
    "web-iso-flags": {
      "inputs": {
        "flake-utils": [
          "taserud-theme-albatross",
          "flake-utils"
        ],
        "nixpkgs": [
          "taserud-theme-albatross",
          "nixpkgs"
        ]
      },
      "locked": {
        "lastModified": 1707323541,
        "narHash": "sha256-ACtcswxvKlPf3RtLO59BexMIdXzinGOwu0RdSIZ6DUw=",
        "owner": "TaserudConsulting",
        "repo": "web-iso-flags",
        "rev": "c452fedea4b45350d8686334dfa891b1d2cdfa91",
        "type": "github"
      },
      "original": {
        "owner": "TaserudConsulting",
        "repo": "web-iso-flags",
        "type": "github"
      }
    }
  },
  "root": "root",
  "version": 7
}
